
Microsoft Visual Studio Solution File, Format Version 12.00
# Visual Studio Version 17
VisualStudioVersion = 17.2.32516.85
MinimumVisualStudioVersion = 10.0.40219.1
Project("{2150E333-8FDC-42A3-9474-1A3956D46DE8}") = "Src", "Src", "{B56311B4-6B6A-4C14-9932-7DDED908096F}"
EndProject
Project("{2150E333-8FDC-42A3-9474-1A3956D46DE8}") = "Common", "Common", "{F873027F-E63F-4968-8E8F-CD95EA0B085D}"
EndProject
Project("{2150E333-8FDC-42A3-9474-1A3956D46DE8}") = "Core", "Core", "{FAB6993B-B1C8-4823-A80F-F308FE77739B}"
EndProject
Project("{2150E333-8FDC-42A3-9474-1A3956D46DE8}") = "Infrastructure", "Infrastructure", "{B163EF36-4D30-4C79-BBB3-ECB51B631A2E}"
EndProject
Project("{2150E333-8FDC-42A3-9474-1A3956D46DE8}") = "Presentation", "Presentation", "{242A42E7-CF56-454D-ACE6-FB8902BB6B4D}"
EndProject
Project("{FAE04EC0-301F-11D3-BF4B-00C04F79EFBC}") = "ProjectName.Common", "ProjectName.Common\ProjectName.Common.csproj", "{C50C62A0-4F93-4CE7-B4D5-BD7B6B6385A3}"
EndProject
Project("{FAE04EC0-301F-11D3-BF4B-00C04F79EFBC}") = "Project.API", "Project.API\Project.API.csproj", "{C2D6C213-7C09-4EE4-9B90-58803A6A5730}"
EndProject
Project("{FAE04EC0-301F-11D3-BF4B-00C04F79EFBC}") = "ProjectName.Application", "ProjectName.Application\ProjectName.Application.csproj", "{ECDB34F0-67DF-4F2C-B156-E1B4495D16F6}"
EndProject
Project("{FAE04EC0-301F-11D3-BF4B-00C04F79EFBC}") = "ProjectName.Domain", "ProjectName.Domain\ProjectName.Domain.csproj", "{FAC97A4A-EF33-468B-9DC7-2B7BE3DEBC10}"
EndProject
Project("{FAE04EC0-301F-11D3-BF4B-00C04F79EFBC}") = "ProjectName.Infrastructure", "ProjectName.Infrastructure\ProjectName.Infrastructure.csproj", "{DA5D6087-2345-4AA9-8755-B721BEB19F24}"
EndProject
Project("{FAE04EC0-301F-11D3-BF4B-00C04F79EFBC}") = "ProjectName.Persistence", "ProjectName.Persistence\ProjectName.Persistence.csproj", "{D6476C86-A6E9-4DD5-8993-96B2F1DCDFCB}"
EndProject
Global
	GlobalSection(SolutionConfigurationPlatforms) = preSolution
		Debug|Any CPU = Debug|Any CPU
		Release|Any CPU = Release|Any CPU
	EndGlobalSection
	GlobalSection(ProjectConfigurationPlatforms) = postSolution
		{C50C62A0-4F93-4CE7-B4D5-BD7B6B6385A3}.Debug|Any CPU.ActiveCfg = Debug|Any CPU
		{C50C62A0-4F93-4CE7-B4D5-BD7B6B6385A3}.Debug|Any CPU.Build.0 = Debug|Any CPU
		{C50C62A0-4F93-4CE7-B4D5-BD7B6B6385A3}.Release|Any CPU.ActiveCfg = Release|Any CPU
		{C50C62A0-4F93-4CE7-B4D5-BD7B6B6385A3}.Release|Any CPU.Build.0 = Release|Any CPU
		{C2D6C213-7C09-4EE4-9B90-58803A6A5730}.Debug|Any CPU.ActiveCfg = Debug|Any CPU
		{C2D6C213-7C09-4EE4-9B90-58803A6A5730}.Debug|Any CPU.Build.0 = Debug|Any CPU
		{C2D6C213-7C09-4EE4-9B90-58803A6A5730}.Release|Any CPU.ActiveCfg = Release|Any CPU
		{C2D6C213-7C09-4EE4-9B90-58803A6A5730}.Release|Any CPU.Build.0 = Release|Any CPU
		{ECDB34F0-67DF-4F2C-B156-E1B4495D16F6}.Debug|Any CPU.ActiveCfg = Debug|Any CPU
		{ECDB34F0-67DF-4F2C-B156-E1B4495D16F6}.Debug|Any CPU.Build.0 = Debug|Any CPU
		{ECDB34F0-67DF-4F2C-B156-E1B4495D16F6}.Release|Any CPU.ActiveCfg = Release|Any CPU
		{ECDB34F0-67DF-4F2C-B156-E1B4495D16F6}.Release|Any CPU.Build.0 = Release|Any CPU
		{FAC97A4A-EF33-468B-9DC7-2B7BE3DEBC10}.Debug|Any CPU.ActiveCfg = Debug|Any CPU
		{FAC97A4A-EF33-468B-9DC7-2B7BE3DEBC10}.Debug|Any CPU.Build.0 = Debug|Any CPU
		{FAC97A4A-EF33-468B-9DC7-2B7BE3DEBC10}.Release|Any CPU.ActiveCfg = Release|Any CPU
		{FAC97A4A-EF33-468B-9DC7-2B7BE3DEBC10}.Release|Any CPU.Build.0 = Release|Any CPU
		{DA5D6087-2345-4AA9-8755-B721BEB19F24}.Debug|Any CPU.ActiveCfg = Debug|Any CPU
		{DA5D6087-2345-4AA9-8755-B721BEB19F24}.Debug|Any CPU.Build.0 = Debug|Any CPU
		{DA5D6087-2345-4AA9-8755-B721BEB19F24}.Release|Any CPU.ActiveCfg = Release|Any CPU
		{DA5D6087-2345-4AA9-8755-B721BEB19F24}.Release|Any CPU.Build.0 = Release|Any CPU
		{D6476C86-A6E9-4DD5-8993-96B2F1DCDFCB}.Debug|Any CPU.ActiveCfg = Debug|Any CPU
		{D6476C86-A6E9-4DD5-8993-96B2F1DCDFCB}.Debug|Any CPU.Build.0 = Debug|Any CPU
		{D6476C86-A6E9-4DD5-8993-96B2F1DCDFCB}.Release|Any CPU.ActiveCfg = Release|Any CPU
		{D6476C86-A6E9-4DD5-8993-96B2F1DCDFCB}.Release|Any CPU.Build.0 = Release|Any CPU
	EndGlobalSection
	GlobalSection(SolutionProperties) = preSolution
		HideSolutionNode = FALSE
	EndGlobalSection
	GlobalSection(NestedProjects) = preSolution
		{F873027F-E63F-4968-8E8F-CD95EA0B085D} = {B56311B4-6B6A-4C14-9932-7DDED908096F}
		{FAB6993B-B1C8-4823-A80F-F308FE77739B} = {B56311B4-6B6A-4C14-9932-7DDED908096F}
		{B163EF36-4D30-4C79-BBB3-ECB51B631A2E} = {B56311B4-6B6A-4C14-9932-7DDED908096F}
		{242A42E7-CF56-454D-ACE6-FB8902BB6B4D} = {B56311B4-6B6A-4C14-9932-7DDED908096F}
		{C50C62A0-4F93-4CE7-B4D5-BD7B6B6385A3} = {F873027F-E63F-4968-8E8F-CD95EA0B085D}
		{C2D6C213-7C09-4EE4-9B90-58803A6A5730} = {242A42E7-CF56-454D-ACE6-FB8902BB6B4D}
		{ECDB34F0-67DF-4F2C-B156-E1B4495D16F6} = {FAB6993B-B1C8-4823-A80F-F308FE77739B}
		{FAC97A4A-EF33-468B-9DC7-2B7BE3DEBC10} = {FAB6993B-B1C8-4823-A80F-F308FE77739B}
		{DA5D6087-2345-4AA9-8755-B721BEB19F24} = {B163EF36-4D30-4C79-BBB3-ECB51B631A2E}
		{D6476C86-A6E9-4DD5-8993-96B2F1DCDFCB} = {B163EF36-4D30-4C79-BBB3-ECB51B631A2E}
	EndGlobalSection
	GlobalSection(ExtensibilityGlobals) = postSolution
		SolutionGuid = {705837B3-6490-4C2E-8B29-D40479C53FC3}
	EndGlobalSection
EndGlobal
