
Microsoft Visual Studio Solution File, Format Version 12.00
# Visual Studio Version 17
VisualStudioVersion = 17.2.32516.85
MinimumVisualStudioVersion = 10.0.40219.1
Project("{2150E333-8FDC-42A3-9474-1A3956D46DE8}") = "Src", "Src", "{B56311B4-6B6A-4C14-9932-7DDED908096F}"
EndProject
Project("{2150E333-8FDC-42A3-9474-1A3956D46DE8}") = "Presentation", "Presentation", "{242A42E7-CF56-454D-ACE6-FB8902BB6B4D}"
EndProject
Project("{FAE04EC0-301F-11D3-BF4B-00C04F79EFBC}") = "Project.API", "Project.API\Project.API.csproj", "{C2D6C213-7C09-4EE4-9B90-58803A6A5730}"
EndProject
Global
	GlobalSection(SolutionConfigurationPlatforms) = preSolution
		Debug|Any CPU = Debug|Any CPU
		Release|Any CPU = Release|Any CPU
	EndGlobalSection
	GlobalSection(ProjectConfigurationPlatforms) = postSolution
		{C2D6C213-7C09-4EE4-9B90-58803A6A5730}.Debug|Any CPU.ActiveCfg = Debug|Any CPU
		{C2D6C213-7C09-4EE4-9B90-58803A6A5730}.Debug|Any CPU.Build.0 = Debug|Any CPU
		{C2D6C213-7C09-4EE4-9B90-58803A6A5730}.Release|Any CPU.ActiveCfg = Release|Any CPU
		{C2D6C213-7C09-4EE4-9B90-58803A6A5730}.Release|Any CPU.Build.0 = Release|Any CPU
	EndGlobalSection
	GlobalSection(SolutionProperties) = preSolution
		HideSolutionNode = FALSE
	EndGlobalSection
	GlobalSection(NestedProjects) = preSolution
		{242A42E7-CF56-454D-ACE6-FB8902BB6B4D} = {B56311B4-6B6A-4C14-9932-7DDED908096F}
		{C2D6C213-7C09-4EE4-9B90-58803A6A5730} = {242A42E7-CF56-454D-ACE6-FB8902BB6B4D}
	EndGlobalSection
	GlobalSection(ExtensibilityGlobals) = postSolution
		SolutionGuid = {705837B3-6490-4C2E-8B29-D40479C53FC3}
	EndGlobalSection
EndGlobal
