
Microsoft Visual Studio Solution File, Format Version 12.00
# Visual Studio Version 17
VisualStudioVersion = 17.2.32516.85
MinimumVisualStudioVersion = 10.0.40219.1
Project("{2150E333-8FDC-42A3-9474-1A3956D46DE8}") = "Src", "Src", "{B56311B4-6B6A-4C14-9932-7DDED908096F}"
EndProject
Project("{2150E333-8FDC-42A3-9474-1A3956D46DE8}") = "Presentation", "Presentation", "{242A42E7-CF56-454D-ACE6-FB8902BB6B4D}"
EndProject
Project("{9A19103F-16F7-4668-BE54-9A1E7A4F7556}") = "Project.API", "Project.API\Project.API.csproj", "{C2D6C213-7C09-4EE4-9B90-58803A6A5730}"
EndProject
Project("{2150E333-8FDC-42A3-9474-1A3956D46DE8}") = "Common", "Common", "{BEA8B14E-4DBA-40ED-BFDD-2FE236B09795}"
EndProject
Project("{FAE04EC0-301F-11D3-BF4B-00C04F79EFBC}") = "ProjectName.Common", "ProjectName.Common\ProjectName.Common.csproj", "{9A2A465E-012B-4159-9EF9-A4FD109F7F26}"
EndProject
Project("{2150E333-8FDC-42A3-9474-1A3956D46DE8}") = "Core", "Core", "{FB86B378-4961-4984-BDAC-405E68E705B8}"
EndProject
Project("{FAE04EC0-301F-11D3-BF4B-00C04F79EFBC}") = "ProjectName.Application", "ProjectName.Application\ProjectName.Application.csproj", "{1A67B6C8-47C4-4F6D-A13F-B803170A4324}"
EndProject
Project("{FAE04EC0-301F-11D3-BF4B-00C04F79EFBC}") = "ProjectName.Domain", "ProjectName.Domain\ProjectName.Domain.csproj", "{30013C3A-6FDA-483D-840C-C099909670EA}"
EndProject
Project("{2150E333-8FDC-42A3-9474-1A3956D46DE8}") = "Infrastructure", "Infrastructure", "{6D3B6E71-1C3E-429D-9DDC-119F4FBE9567}"
EndProject
Project("{FAE04EC0-301F-11D3-BF4B-00C04F79EFBC}") = "ProjectName.Infrastructure", "ProjectName.Infrastructure\ProjectName.Infrastructure.csproj", "{B42A9EA4-0EE5-4F67-B9B7-087D34E70142}"
EndProject
Project("{FAE04EC0-301F-11D3-BF4B-00C04F79EFBC}") = "ProjectName.Persistence", "ProjectName.Persistence\ProjectName.Persistence.csproj", "{A359323A-6F5B-4783-836C-4888861C29F9}"
EndProject
Global
	GlobalSection(SolutionConfigurationPlatforms) = preSolution
		Debug|Any CPU = Debug|Any CPU
		Release|Any CPU = Release|Any CPU
	EndGlobalSection
	GlobalSection(ProjectConfigurationPlatforms) = postSolution
		{C2D6C213-7C09-4EE4-9B90-58803A6A5730}.Debug|Any CPU.ActiveCfg = Debug|Any CPU
		{C2D6C213-7C09-4EE4-9B90-58803A6A5730}.Debug|Any CPU.Build.0 = Debug|Any CPU
		{C2D6C213-7C09-4EE4-9B90-58803A6A5730}.Release|Any CPU.ActiveCfg = Release|Any CPU
		{C2D6C213-7C09-4EE4-9B90-58803A6A5730}.Release|Any CPU.Build.0 = Release|Any CPU
		{9A2A465E-012B-4159-9EF9-A4FD109F7F26}.Debug|Any CPU.ActiveCfg = Debug|Any CPU
		{9A2A465E-012B-4159-9EF9-A4FD109F7F26}.Debug|Any CPU.Build.0 = Debug|Any CPU
		{9A2A465E-012B-4159-9EF9-A4FD109F7F26}.Release|Any CPU.ActiveCfg = Release|Any CPU
		{9A2A465E-012B-4159-9EF9-A4FD109F7F26}.Release|Any CPU.Build.0 = Release|Any CPU
		{1A67B6C8-47C4-4F6D-A13F-B803170A4324}.Debug|Any CPU.ActiveCfg = Debug|Any CPU
		{1A67B6C8-47C4-4F6D-A13F-B803170A4324}.Debug|Any CPU.Build.0 = Debug|Any CPU
		{1A67B6C8-47C4-4F6D-A13F-B803170A4324}.Release|Any CPU.ActiveCfg = Release|Any CPU
		{1A67B6C8-47C4-4F6D-A13F-B803170A4324}.Release|Any CPU.Build.0 = Release|Any CPU
		{30013C3A-6FDA-483D-840C-C099909670EA}.Debug|Any CPU.ActiveCfg = Debug|Any CPU
		{30013C3A-6FDA-483D-840C-C099909670EA}.Debug|Any CPU.Build.0 = Debug|Any CPU
		{30013C3A-6FDA-483D-840C-C099909670EA}.Release|Any CPU.ActiveCfg = Release|Any CPU
		{30013C3A-6FDA-483D-840C-C099909670EA}.Release|Any CPU.Build.0 = Release|Any CPU
		{B42A9EA4-0EE5-4F67-B9B7-087D34E70142}.Debug|Any CPU.ActiveCfg = Debug|Any CPU
		{B42A9EA4-0EE5-4F67-B9B7-087D34E70142}.Debug|Any CPU.Build.0 = Debug|Any CPU
		{B42A9EA4-0EE5-4F67-B9B7-087D34E70142}.Release|Any CPU.ActiveCfg = Release|Any CPU
		{B42A9EA4-0EE5-4F67-B9B7-087D34E70142}.Release|Any CPU.Build.0 = Release|Any CPU
		{A359323A-6F5B-4783-836C-4888861C29F9}.Debug|Any CPU.ActiveCfg = Debug|Any CPU
		{A359323A-6F5B-4783-836C-4888861C29F9}.Debug|Any CPU.Build.0 = Debug|Any CPU
		{A359323A-6F5B-4783-836C-4888861C29F9}.Release|Any CPU.ActiveCfg = Release|Any CPU
		{A359323A-6F5B-4783-836C-4888861C29F9}.Release|Any CPU.Build.0 = Release|Any CPU
	EndGlobalSection
	GlobalSection(SolutionProperties) = preSolution
		HideSolutionNode = FALSE
	EndGlobalSection
	GlobalSection(NestedProjects) = preSolution
		{242A42E7-CF56-454D-ACE6-FB8902BB6B4D} = {B56311B4-6B6A-4C14-9932-7DDED908096F}
		{C2D6C213-7C09-4EE4-9B90-58803A6A5730} = {242A42E7-CF56-454D-ACE6-FB8902BB6B4D}
		{BEA8B14E-4DBA-40ED-BFDD-2FE236B09795} = {B56311B4-6B6A-4C14-9932-7DDED908096F}
		{9A2A465E-012B-4159-9EF9-A4FD109F7F26} = {BEA8B14E-4DBA-40ED-BFDD-2FE236B09795}
		{FB86B378-4961-4984-BDAC-405E68E705B8} = {B56311B4-6B6A-4C14-9932-7DDED908096F}
		{1A67B6C8-47C4-4F6D-A13F-B803170A4324} = {FB86B378-4961-4984-BDAC-405E68E705B8}
		{30013C3A-6FDA-483D-840C-C099909670EA} = {FB86B378-4961-4984-BDAC-405E68E705B8}
		{6D3B6E71-1C3E-429D-9DDC-119F4FBE9567} = {B56311B4-6B6A-4C14-9932-7DDED908096F}
		{B42A9EA4-0EE5-4F67-B9B7-087D34E70142} = {6D3B6E71-1C3E-429D-9DDC-119F4FBE9567}
		{A359323A-6F5B-4783-836C-4888861C29F9} = {6D3B6E71-1C3E-429D-9DDC-119F4FBE9567}
	EndGlobalSection
	GlobalSection(ExtensibilityGlobals) = postSolution
		SolutionGuid = {705837B3-6490-4C2E-8B29-D40479C53FC3}
	EndGlobalSection
EndGlobal
